
Microsoft Visual Studio Solution File, Format Version 12.00
# Visual Studio Version 17
VisualStudioVersion = 17.11.35303.130
MinimumVisualStudioVersion = 10.0.40219.1
Project("{FAE04EC0-301F-11D3-BF4B-00C04F79EFBC}") = "BusinessCardManager", "BusinessCardManager\BusinessCardManager.csproj", "{B12D8466-C4BA-45EC-A3DB-46469C3EE0EF}"
EndProject
Global
	GlobalSection(SolutionConfigurationPlatforms) = preSolution
		Debug|Any CPU = Debug|Any CPU
		Release|Any CPU = Release|Any CPU
	EndGlobalSection
	GlobalSection(ProjectConfigurationPlatforms) = postSolution
		{B12D8466-C4BA-45EC-A3DB-46469C3EE0EF}.Debug|Any CPU.ActiveCfg = Debug|Any CPU
		{B12D8466-C4BA-45EC-A3DB-46469C3EE0EF}.Debug|Any CPU.Build.0 = Debug|Any CPU
		{B12D8466-C4BA-45EC-A3DB-46469C3EE0EF}.Release|Any CPU.ActiveCfg = Release|Any CPU
		{B12D8466-C4BA-45EC-A3DB-46469C3EE0EF}.Release|Any CPU.Build.0 = Release|Any CPU
	EndGlobalSection
	GlobalSection(SolutionProperties) = preSolution
		HideSolutionNode = FALSE
	EndGlobalSection
	GlobalSection(ExtensibilityGlobals) = postSolution
		SolutionGuid = {754AA643-E3FE-4C2D-937B-5F55FC3345FA}
	EndGlobalSection
EndGlobal
